
Microsoft Visual Studio Solution File, Format Version 12.00
# Visual Studio Version 17
VisualStudioVersion = 17.0.31912.275
MinimumVisualStudioVersion = 10.0.40219.1
Project("{FAE04EC0-301F-11D3-BF4B-00C04F79EFBC}") = "DemoApplication", "DemoApplication.csproj", "{AAC69A6A-3826-4D17-AC92-77F4E19B5B97}"
EndProject
Global
	GlobalSection(SolutionConfigurationPlatforms) = preSolution
		Debug|Any CPU = Debug|Any CPU
		Release|Any CPU = Release|Any CPU
	EndGlobalSection
	GlobalSection(ProjectConfigurationPlatforms) = postSolution
		{AAC69A6A-3826-4D17-AC92-77F4E19B5B97}.Debug|Any CPU.ActiveCfg = Debug|Any CPU
		{AAC69A6A-3826-4D17-AC92-77F4E19B5B97}.Debug|Any CPU.Build.0 = Debug|Any CPU
		{AAC69A6A-3826-4D17-AC92-77F4E19B5B97}.Release|Any CPU.ActiveCfg = Release|Any CPU
		{AAC69A6A-3826-4D17-AC92-77F4E19B5B97}.Release|Any CPU.Build.0 = Release|Any CPU
	EndGlobalSection
	GlobalSection(SolutionProperties) = preSolution
		HideSolutionNode = FALSE
	EndGlobalSection
	GlobalSection(ExtensibilityGlobals) = postSolution
		SolutionGuid = {37DB750E-586B-4962-A318-69108C50A390}
	EndGlobalSection
EndGlobal
